
Microsoft Visual Studio Solution File, Format Version 12.00
# Visual Studio 15
VisualStudioVersion = 15.0.27428.2015
MinimumVisualStudioVersion = 10.0.40219.1
Project("{FAE04EC0-301F-11D3-BF4B-00C04F79EFBC}") = "ConsoleSpammer", "ConsoleSpammer\ConsoleSpammer.csproj", "{14A53CFD-9B23-4892-9D9D-1DFCDE7C3ADB}"
EndProject
Global
	GlobalSection(SolutionConfigurationPlatforms) = preSolution
		Debug|Any CPU = Debug|Any CPU
		Release|Any CPU = Release|Any CPU
	EndGlobalSection
	GlobalSection(ProjectConfigurationPlatforms) = postSolution
		{14A53CFD-9B23-4892-9D9D-1DFCDE7C3ADB}.Debug|Any CPU.ActiveCfg = Debug|Any CPU
		{14A53CFD-9B23-4892-9D9D-1DFCDE7C3ADB}.Debug|Any CPU.Build.0 = Debug|Any CPU
		{14A53CFD-9B23-4892-9D9D-1DFCDE7C3ADB}.Release|Any CPU.ActiveCfg = Release|Any CPU
		{14A53CFD-9B23-4892-9D9D-1DFCDE7C3ADB}.Release|Any CPU.Build.0 = Release|Any CPU
	EndGlobalSection
	GlobalSection(SolutionProperties) = preSolution
		HideSolutionNode = FALSE
	EndGlobalSection
	GlobalSection(ExtensibilityGlobals) = postSolution
		SolutionGuid = {F2D39F36-F98A-45B4-A46A-92A49BFED308}
	EndGlobalSection
EndGlobal
